<?xml version="1.0" encoding="UTF-8" standalone="yes" ?>
<CodeBlocks_project_file>
	<FileVersion major="1" minor="6" />
	<Project>
		<Option title="viennaCL" />
		<Option pch_mode="2" />
		<Option compiler="clang" />
		<Build>
			<Target title="Debug">
				<Option output="bin/Debug/viennaCL" prefix_auto="1" extension_auto="1" />
				<Option object_output="obj/Debug/" />
				<Option type="1" />
				<Option compiler="clang" />
				<Compiler>
					<Add option="-g" />
					<Add option="-DVIENNACL_WITH_OPENCL" />
				</Compiler>
			</Target>
			<Target title="Release">
				<Option output="bin/Release/viennaCL" prefix_auto="1" extension_auto="1" />
				<Option object_output="obj/Release/" />
				<Option type="1" />
				<Option compiler="clang" />
				<Compiler>
					<Add option="-O2" />
				</Compiler>
				<Linker>
					<Add option="-s" />
				</Linker>
			</Target>
		</Build>
		<Compiler>
			<Add option="-Wall" />
			<Add option="-std=c++11" />
			<Add option="-fexceptions" />
			<Add option="-DVIENNACL_WITH_OPENCL" />
			<Add directory="../libviennacl/include" />
			<Add directory="../libviennacl/src" />
			<Add directory="../../viennacl-dev" />
		</Compiler>
		<Linker>
			<Add option="-framework OpenCL" />
		</Linker>
		<Unit filename="../libviennacl/include/viennacl.hpp" />
		<Unit filename="../libviennacl/src/backend.cpp" />
		<Unit filename="../libviennacl/src/backend.cu" />
		<Unit filename="../libviennacl/src/blas1.cpp" />
		<Unit filename="../libviennacl/src/blas1.cu" />
		<Unit filename="../libviennacl/src/blas1_cuda.cu" />
		<Unit filename="../libviennacl/src/blas1_host.cpp" />
		<Unit filename="../libviennacl/src/blas1_host.cu" />
		<Unit filename="../libviennacl/src/blas1_opencl.cpp" />
		<Unit filename="../libviennacl/src/blas1_opencl.cu" />
		<Unit filename="../libviennacl/src/blas2.cpp" />
		<Unit filename="../libviennacl/src/blas2.cu" />
		<Unit filename="../libviennacl/src/blas2_cuda.cu" />
		<Unit filename="../libviennacl/src/blas2_host.cpp" />
		<Unit filename="../libviennacl/src/blas2_host.cu" />
		<Unit filename="../libviennacl/src/blas2_opencl.cpp" />
		<Unit filename="../libviennacl/src/blas2_opencl.cu" />
		<Unit filename="../libviennacl/src/blas3.cpp" />
		<Unit filename="../libviennacl/src/blas3.cu" />
		<Unit filename="../libviennacl/src/blas3.hpp" />
		<Unit filename="../libviennacl/src/blas3_cuda.cu" />
		<Unit filename="../libviennacl/src/blas3_host.cpp" />
		<Unit filename="../libviennacl/src/blas3_host.cu" />
		<Unit filename="../libviennacl/src/blas3_opencl.cpp" />
		<Unit filename="../libviennacl/src/blas3_opencl.cu" />
		<Unit filename="../libviennacl/src/init_matrix.hpp" />
		<Unit filename="../libviennacl/src/init_vector.hpp" />
		<Unit filename="../libviennacl/src/viennacl_private.hpp" />
		<Unit filename="../viennacl/backend/cpu_ram.hpp" />
		<Unit filename="../viennacl/backend/cuda.hpp" />
		<Unit filename="../viennacl/backend/mem_handle.hpp" />
		<Unit filename="../viennacl/backend/memory.hpp" />
		<Unit filename="../viennacl/backend/opencl.hpp" />
		<Unit filename="../viennacl/backend/util.hpp" />
		<Unit filename="../viennacl/circulant_matrix.hpp" />
		<Unit filename="../viennacl/compressed_compressed_matrix.hpp" />
		<Unit filename="../viennacl/compressed_matrix.hpp" />
		<Unit filename="../viennacl/context.hpp" />
		<Unit filename="../viennacl/coordinate_matrix.hpp" />
		<Unit filename="../viennacl/detail/matrix_def.hpp" />
		<Unit filename="../viennacl/detail/vector_def.hpp" />
		<Unit filename="../viennacl/device_specific/builtin_database/common.hpp" />
		<Unit filename="../viennacl/device_specific/builtin_database/devices/accelerator/fallback.hpp" />
		<Unit filename="../viennacl/device_specific/builtin_database/devices/cpu/fallback.hpp" />
		<Unit filename="../viennacl/device_specific/builtin_database/devices/gpu/amd/evergreen/cedar.hpp" />
		<Unit filename="../viennacl/device_specific/builtin_database/devices/gpu/amd/evergreen/cypress.hpp" />
		<Unit filename="../viennacl/device_specific/builtin_database/devices/gpu/amd/northern_islands/barts.hpp" />
		<Unit filename="../viennacl/device_specific/builtin_database/devices/gpu/amd/northern_islands/devastator.hpp" />
		<Unit filename="../viennacl/device_specific/builtin_database/devices/gpu/amd/northern_islands/scrapper.hpp" />
		<Unit filename="../viennacl/device_specific/builtin_database/devices/gpu/amd/southern_islands/tahiti.hpp" />
		<Unit filename="../viennacl/device_specific/builtin_database/devices/gpu/amd/volcanic_islands/hawaii.hpp" />
		<Unit filename="../viennacl/device_specific/builtin_database/devices/gpu/fallback.hpp" />
		<Unit filename="../viennacl/device_specific/builtin_database/devices/gpu/nvidia/fermi/geforce_gt_540m.hpp" />
		<Unit filename="../viennacl/device_specific/builtin_database/devices/gpu/nvidia/fermi/geforce_gtx_470.hpp" />
		<Unit filename="../viennacl/device_specific/builtin_database/devices/gpu/nvidia/fermi/geforce_gtx_580.hpp" />
		<Unit filename="../viennacl/device_specific/builtin_database/devices/gpu/nvidia/fermi/tesla_c2050.hpp" />
		<Unit filename="../viennacl/device_specific/builtin_database/devices/gpu/nvidia/kepler/tesla_k20m.hpp" />
		<Unit filename="../viennacl/device_specific/builtin_database/devices/gpu/nvidia/maxwell/geforce_gtx_750_ti.hpp" />
		<Unit filename="../viennacl/device_specific/builtin_database/devices/gpu/nvidia/tesla/geforce_gtx_260.hpp" />
		<Unit filename="../viennacl/device_specific/builtin_database/matrix_product.hpp" />
		<Unit filename="../viennacl/device_specific/execute.hpp" />
		<Unit filename="../viennacl/device_specific/execution_handler.hpp" />
		<Unit filename="../viennacl/device_specific/forwards.h" />
		<Unit filename="../viennacl/device_specific/lazy_program_compiler.hpp" />
		<Unit filename="../viennacl/device_specific/mapped_objects.hpp" />
		<Unit filename="../viennacl/device_specific/templates/matrix_product_template.hpp" />
		<Unit filename="../viennacl/device_specific/templates/template_base.hpp" />
		<Unit filename="../viennacl/device_specific/templates/utils.hpp" />
		<Unit filename="../viennacl/device_specific/tree_parsing.hpp" />
		<Unit filename="../viennacl/device_specific/utils.hpp" />
		<Unit filename="../viennacl/ell_matrix.hpp" />
		<Unit filename="../viennacl/fft.hpp" />
		<Unit filename="../viennacl/forwards.h" />
		<Unit filename="../viennacl/hankel_matrix.hpp" />
		<Unit filename="../viennacl/hyb_matrix.hpp" />
		<Unit filename="../viennacl/io/matrix_market.hpp" />
		<Unit filename="../viennacl/linalg/amg.hpp" />
		<Unit filename="../viennacl/linalg/amg_operations.hpp" />
		<Unit filename="../viennacl/linalg/bicgstab.hpp" />
		<Unit filename="../viennacl/linalg/bisect.hpp" />
		<Unit filename="../viennacl/linalg/bisect_gpu.hpp" />
		<Unit filename="../viennacl/linalg/cg.hpp" />
		<Unit filename="../viennacl/linalg/circulant_matrix_operations.hpp" />
		<Unit filename="../viennacl/linalg/cuda/amg_operations.hpp" />
		<Unit filename="../viennacl/linalg/cuda/bisect_kernel_calls.hpp" />
		<Unit filename="../viennacl/linalg/cuda/bisect_kernel_large.hpp" />
		<Unit filename="../viennacl/linalg/cuda/bisect_kernel_large_multi.hpp" />
		<Unit filename="../viennacl/linalg/cuda/bisect_kernel_large_onei.hpp" />
		<Unit filename="../viennacl/linalg/cuda/bisect_kernel_small.hpp" />
		<Unit filename="../viennacl/linalg/cuda/bisect_util.hpp" />
		<Unit filename="../viennacl/linalg/cuda/common.hpp" />
		<Unit filename="../viennacl/linalg/cuda/direct_solve.hpp" />
		<Unit filename="../viennacl/linalg/cuda/fft_operations.hpp" />
		<Unit filename="../viennacl/linalg/cuda/ilu_operations.hpp" />
		<Unit filename="../viennacl/linalg/cuda/iterative_operations.hpp" />
		<Unit filename="../viennacl/linalg/cuda/matrix_operations.hpp" />
		<Unit filename="../viennacl/linalg/cuda/matrix_operations_col.hpp" />
		<Unit filename="../viennacl/linalg/cuda/matrix_operations_prod.hpp" />
		<Unit filename="../viennacl/linalg/cuda/matrix_operations_row.hpp" />
		<Unit filename="../viennacl/linalg/cuda/misc_operations.hpp" />
		<Unit filename="../viennacl/linalg/cuda/nmf_operations.hpp" />
		<Unit filename="../viennacl/linalg/cuda/scalar_operations.hpp" />
		<Unit filename="../viennacl/linalg/cuda/sparse_matrix_operations.hpp" />
		<Unit filename="../viennacl/linalg/cuda/sparse_matrix_operations_solve.hpp" />
		<Unit filename="../viennacl/linalg/cuda/spgemm.hpp" />
		<Unit filename="../viennacl/linalg/cuda/spgemm_rmerge.hpp" />
		<Unit filename="../viennacl/linalg/cuda/vector_operations.hpp" />
		<Unit filename="../viennacl/linalg/detail/amg/amg_base.hpp" />
		<Unit filename="../viennacl/linalg/detail/bisect/bisect_kernel_calls.hpp" />
		<Unit filename="../viennacl/linalg/detail/bisect/bisect_large.hpp" />
		<Unit filename="../viennacl/linalg/detail/bisect/bisect_small.hpp" />
		<Unit filename="../viennacl/linalg/detail/bisect/config.hpp" />
		<Unit filename="../viennacl/linalg/detail/bisect/gerschgorin.hpp" />
		<Unit filename="../viennacl/linalg/detail/bisect/structs.hpp" />
		<Unit filename="../viennacl/linalg/detail/bisect/util.hpp" />
		<Unit filename="../viennacl/linalg/detail/ilu/block_ilu.hpp" />
		<Unit filename="../viennacl/linalg/detail/ilu/chow_patel_ilu.hpp" />
		<Unit filename="../viennacl/linalg/detail/ilu/common.hpp" />
		<Unit filename="../viennacl/linalg/detail/ilu/ilu0.hpp" />
		<Unit filename="../viennacl/linalg/detail/ilu/ilut.hpp" />
		<Unit filename="../viennacl/linalg/detail/op_applier.hpp" />
		<Unit filename="../viennacl/linalg/detail/op_executor.hpp" />
		<Unit filename="../viennacl/linalg/detail/spai/block_matrix.hpp" />
		<Unit filename="../viennacl/linalg/detail/spai/block_vector.hpp" />
		<Unit filename="../viennacl/linalg/detail/spai/fspai.hpp" />
		<Unit filename="../viennacl/linalg/detail/spai/qr.hpp" />
		<Unit filename="../viennacl/linalg/detail/spai/small_matrix.hpp" />
		<Unit filename="../viennacl/linalg/detail/spai/spai-dynamic.hpp" />
		<Unit filename="../viennacl/linalg/detail/spai/spai-static.hpp" />
		<Unit filename="../viennacl/linalg/detail/spai/spai.hpp" />
		<Unit filename="../viennacl/linalg/detail/spai/spai_tag.hpp" />
		<Unit filename="../viennacl/linalg/detail/spai/sparse_vector.hpp" />
		<Unit filename="../viennacl/linalg/direct_solve.hpp" />
		<Unit filename="../viennacl/linalg/eig.hpp" />
		<Unit filename="../viennacl/linalg/fft_operations.hpp" />
		<Unit filename="../viennacl/linalg/gmres.hpp" />
		<Unit filename="../viennacl/linalg/hankel_matrix_operations.hpp" />
		<Unit filename="../viennacl/linalg/host_based/amg_operations.hpp" />
		<Unit filename="../viennacl/linalg/host_based/common.hpp" />
		<Unit filename="../viennacl/linalg/host_based/direct_solve.hpp" />
		<Unit filename="../viennacl/linalg/host_based/fft_operations.hpp" />
		<Unit filename="../viennacl/linalg/host_based/ilu_operations.hpp" />
		<Unit filename="../viennacl/linalg/host_based/iterative_operations.hpp" />
		<Unit filename="../viennacl/linalg/host_based/matrix_operations.hpp" />
		<Unit filename="../viennacl/linalg/host_based/misc_operations.hpp" />
		<Unit filename="../viennacl/linalg/host_based/nmf_operations.hpp" />
		<Unit filename="../viennacl/linalg/host_based/scalar_operations.hpp" />
		<Unit filename="../viennacl/linalg/host_based/sparse_matrix_operations.hpp" />
		<Unit filename="../viennacl/linalg/host_based/spgemm_vector.hpp" />
		<Unit filename="../viennacl/linalg/host_based/vector_operations.hpp" />
		<Unit filename="../viennacl/linalg/ichol.hpp" />
		<Unit filename="../viennacl/linalg/ilu.hpp" />
		<Unit filename="../viennacl/linalg/ilu_operations.hpp" />
		<Unit filename="../viennacl/linalg/inner_prod.hpp" />
		<Unit filename="../viennacl/linalg/iterative_operations.hpp" />
		<Unit filename="../viennacl/linalg/jacobi_precond.hpp" />
		<Unit filename="../viennacl/linalg/lanczos.hpp" />
		<Unit filename="../viennacl/linalg/lu.hpp" />
		<Unit filename="../viennacl/linalg/matrix_operations.hpp" />
		<Unit filename="../viennacl/linalg/maxmin.hpp" />
		<Unit filename="../viennacl/linalg/misc_operations.hpp" />
		<Unit filename="../viennacl/linalg/mixed_precision_cg.hpp" />
		<Unit filename="../viennacl/linalg/nmf.hpp" />
		<Unit filename="../viennacl/linalg/norm_1.hpp" />
		<Unit filename="../viennacl/linalg/norm_2.hpp" />
		<Unit filename="../viennacl/linalg/norm_frobenius.hpp" />
		<Unit filename="../viennacl/linalg/norm_inf.hpp" />
		<Unit filename="../viennacl/linalg/opencl/amg_operations.hpp" />
		<Unit filename="../viennacl/linalg/opencl/bisect_kernel_calls.hpp" />
		<Unit filename="../viennacl/linalg/opencl/common.hpp" />
		<Unit filename="../viennacl/linalg/opencl/direct_solve.hpp" />
		<Unit filename="../viennacl/linalg/opencl/fft_operations.hpp" />
		<Unit filename="../viennacl/linalg/opencl/ilu_operations.hpp" />
		<Unit filename="../viennacl/linalg/opencl/iterative_operations.hpp" />
		<Unit filename="../viennacl/linalg/opencl/kernels/amg.hpp" />
		<Unit filename="../viennacl/linalg/opencl/kernels/bisect.hpp" />
		<Unit filename="../viennacl/linalg/opencl/kernels/compressed_compressed_matrix.hpp" />
		<Unit filename="../viennacl/linalg/opencl/kernels/compressed_matrix.hpp" />
		<Unit filename="../viennacl/linalg/opencl/kernels/coordinate_matrix.hpp" />
		<Unit filename="../viennacl/linalg/opencl/kernels/ell_matrix.hpp" />
		<Unit filename="../viennacl/linalg/opencl/kernels/fft.hpp" />
		<Unit filename="../viennacl/linalg/opencl/kernels/hyb_matrix.hpp" />
		<Unit filename="../viennacl/linalg/opencl/kernels/ilu.hpp" />
		<Unit filename="../viennacl/linalg/opencl/kernels/iterative.hpp" />
		<Unit filename="../viennacl/linalg/opencl/kernels/matrix.hpp" />
		<Unit filename="../viennacl/linalg/opencl/kernels/matrix_element.hpp" />
		<Unit filename="../viennacl/linalg/opencl/kernels/matrix_solve.hpp" />
		<Unit filename="../viennacl/linalg/opencl/kernels/nmf.hpp" />
		<Unit filename="../viennacl/linalg/opencl/kernels/scalar.hpp" />
		<Unit filename="../viennacl/linalg/opencl/kernels/scan.hpp" />
		<Unit filename="../viennacl/linalg/opencl/kernels/sliced_ell_matrix.hpp" />
		<Unit filename="../viennacl/linalg/opencl/kernels/spai.hpp" />
		<Unit filename="../viennacl/linalg/opencl/kernels/svd.hpp" />
		<Unit filename="../viennacl/linalg/opencl/kernels/vector.hpp" />
		<Unit filename="../viennacl/linalg/opencl/kernels/vector_element.hpp" />
		<Unit filename="../viennacl/linalg/opencl/matrix_operations.hpp" />
		<Unit filename="../viennacl/linalg/opencl/misc_operations.hpp" />
		<Unit filename="../viennacl/linalg/opencl/nmf_operations.hpp" />
		<Unit filename="../viennacl/linalg/opencl/scalar_operations.hpp" />
		<Unit filename="../viennacl/linalg/opencl/sparse_matrix_operations.hpp" />
		<Unit filename="../viennacl/linalg/opencl/vandermonde_matrix_operations.hpp" />
		<Unit filename="../viennacl/linalg/opencl/vector_operations.hpp" />
		<Unit filename="../viennacl/linalg/power_iter.hpp" />
		<Unit filename="../viennacl/linalg/prod.hpp" />
		<Unit filename="../viennacl/linalg/qr-method-common.hpp" />
		<Unit filename="../viennacl/linalg/qr-method.hpp" />
		<Unit filename="../viennacl/linalg/qr.hpp" />
		<Unit filename="../viennacl/linalg/row_scaling.hpp" />
		<Unit filename="../viennacl/linalg/scalar_operations.hpp" />
		<Unit filename="../viennacl/linalg/spai.hpp" />
		<Unit filename="../viennacl/linalg/sparse_matrix_operations.hpp" />
		<Unit filename="../viennacl/linalg/sum.hpp" />
		<Unit filename="../viennacl/linalg/svd.hpp" />
		<Unit filename="../viennacl/linalg/toeplitz_matrix_operations.hpp" />
		<Unit filename="../viennacl/linalg/tql2.hpp" />
		<Unit filename="../viennacl/linalg/vandermonde_matrix_operations.hpp" />
		<Unit filename="../viennacl/linalg/vector_operations.hpp" />
		<Unit filename="../viennacl/matrix.hpp" />
		<Unit filename="../viennacl/matrix_proxy.hpp" />
		<Unit filename="../viennacl/meta/enable_if.hpp" />
		<Unit filename="../viennacl/meta/predicate.hpp" />
		<Unit filename="../viennacl/meta/result_of.hpp" />
		<Unit filename="../viennacl/meta/tag_of.hpp" />
		<Unit filename="../viennacl/misc/bandwidth_reduction.hpp" />
		<Unit filename="../viennacl/misc/cuthill_mckee.hpp" />
		<Unit filename="../viennacl/misc/gibbs_poole_stockmeyer.hpp" />
		<Unit filename="../viennacl/ocl/backend.hpp" />
		<Unit filename="../viennacl/ocl/command_queue.hpp" />
		<Unit filename="../viennacl/ocl/context.hpp" />
		<Unit filename="../viennacl/ocl/device.hpp" />
		<Unit filename="../viennacl/ocl/device_utils.hpp" />
		<Unit filename="../viennacl/ocl/enqueue.hpp" />
		<Unit filename="../viennacl/ocl/error.hpp" />
		<Unit filename="../viennacl/ocl/forwards.h" />
		<Unit filename="../viennacl/ocl/handle.hpp" />
		<Unit filename="../viennacl/ocl/kernel.hpp" />
		<Unit filename="../viennacl/ocl/local_mem.hpp" />
		<Unit filename="../viennacl/ocl/platform.hpp" />
		<Unit filename="../viennacl/ocl/program.hpp" />
		<Unit filename="../viennacl/ocl/utils.hpp" />
		<Unit filename="../viennacl/range.hpp" />
		<Unit filename="../viennacl/scalar.hpp" />
		<Unit filename="../viennacl/scheduler/execute.hpp" />
		<Unit filename="../viennacl/scheduler/execute_axbx.hpp" />
		<Unit filename="../viennacl/scheduler/execute_elementwise.hpp" />
		<Unit filename="../viennacl/scheduler/execute_generic_dispatcher.hpp" />
		<Unit filename="../viennacl/scheduler/execute_matrix_dispatcher.hpp" />
		<Unit filename="../viennacl/scheduler/execute_matrix_prod.hpp" />
		<Unit filename="../viennacl/scheduler/execute_scalar_assign.hpp" />
		<Unit filename="../viennacl/scheduler/execute_scalar_dispatcher.hpp" />
		<Unit filename="../viennacl/scheduler/execute_util.hpp" />
		<Unit filename="../viennacl/scheduler/execute_vector_dispatcher.hpp" />
		<Unit filename="../viennacl/scheduler/forwards.h" />
		<Unit filename="../viennacl/scheduler/io.hpp" />
		<Unit filename="../viennacl/scheduler/preset.hpp" />
		<Unit filename="../viennacl/slice.hpp" />
		<Unit filename="../viennacl/sliced_ell_matrix.hpp" />
		<Unit filename="../viennacl/toeplitz_matrix.hpp" />
		<Unit filename="../viennacl/tools/adapter.hpp" />
		<Unit filename="../viennacl/tools/entry_proxy.hpp" />
		<Unit filename="../viennacl/tools/matrix_generation.hpp" />
		<Unit filename="../viennacl/tools/matrix_size_deducer.hpp" />
		<Unit filename="../viennacl/tools/random.hpp" />
		<Unit filename="../viennacl/tools/sha1.hpp" />
		<Unit filename="../viennacl/tools/shared_ptr.hpp" />
		<Unit filename="../viennacl/tools/timer.hpp" />
		<Unit filename="../viennacl/tools/tools.hpp" />
		<Unit filename="../viennacl/traits/clear.hpp" />
		<Unit filename="../viennacl/traits/context.hpp" />
		<Unit filename="../viennacl/traits/fill.hpp" />
		<Unit filename="../viennacl/traits/handle.hpp" />
		<Unit filename="../viennacl/traits/row_major.hpp" />
		<Unit filename="../viennacl/traits/size.hpp" />
		<Unit filename="../viennacl/traits/start.hpp" />
		<Unit filename="../viennacl/traits/stride.hpp" />
		<Unit filename="../viennacl/vandermonde_matrix.hpp" />
		<Unit filename="../viennacl/vector.hpp" />
		<Unit filename="../viennacl/vector_proxy.hpp" />
		<Unit filename="../viennacl/version.hpp" />
		<Unit filename="main.cpp" />
		<Extensions />
	</Project>
</CodeBlocks_project_file>
